// !$*UTF8*$!
{
	archiveVersion = 1;
	classes = {
	};
	objectVersion = 50;
	objects = {

/* Begin PBXBuildFile section */
		816AEB1426A908C800C06BBC /* AppDelegate.swift in Sources */ = {isa = PBXBuildFile; fileRef = 816AEB1326A908C800C06BBC /* AppDelegate.swift */; };
		816AEB1626A908C800C06BBC /* SceneDelegate.swift in Sources */ = {isa = PBXBuildFile; fileRef = 816AEB1526A908C800C06BBC /* SceneDelegate.swift */; };
		816AEB1826A908C800C06BBC /* ViewController.swift in Sources */ = {isa = PBXBuildFile; fileRef = 816AEB1726A908C800C06BBC /* ViewController.swift */; };
		816AEB1B26A908C800C06BBC /* Main.storyboard in Resources */ = {isa = PBXBuildFile; fileRef = 816AEB1926A908C800C06BBC /* Main.storyboard */; };
		816AEB1D26A908CB00C06BBC /* Assets.xcassets in Resources */ = {isa = PBXBuildFile; fileRef = 816AEB1C26A908CB00C06BBC /* Assets.xcassets */; };
		816AEB2026A908CB00C06BBC /* LaunchScreen.storyboard in Resources */ = {isa = PBXBuildFile; fileRef = 816AEB1E26A908CB00C06BBC /* LaunchScreen.storyboard */; };
		816AEB2926A925F700C06BBC /* Question.swift in Sources */ = {isa = PBXBuildFile; fileRef = 816AEB2826A925F700C06BBC /* Question.swift */; };
/* End PBXBuildFile section */

/* Begin PBXFileReference section */
		816AEB1026A908C800C06BBC /* Quiz.app */ = {isa = PBXFileReference; explicitFileType = wrapper.application; includeInIndex = 0; path = Quiz.app; sourceTree = BUILT_PRODUCTS_DIR; };
		816AEB1326A908C800C06BBC /* AppDelegate.swift */ = {isa = PBXFileReference; lastKnownFileType = sourcecode.swift; path = AppDelegate.swift; sourceTree = "<group>"; };
		816AEB1526A908C800C06BBC /* SceneDelegate.swift */ = {isa = PBXFileReference; lastKnownFileType = sourcecode.swift; path = SceneDelegate.swift; sourceTree = "<group>"; };
		816AEB1726A908C800C06BBC /* ViewController.swift */ = {isa = PBXFileReference; lastKnownFileType = sourcecode.swift; path = ViewController.swift; sourceTree = "<group>"; };
		816AEB1A26A908C800C06BBC /* Base */ = {isa = PBXFileReference; lastKnownFileType = file.storyboard; name = Base; path = Base.lproj/Main.storyboard; sourceTree = "<group>"; };
		816AEB1C26A908CB00C06BBC /* Assets.xcassets */ = {isa = PBXFileReference; lastKnownFileType = folder.assetcatalog; path = Assets.xcassets; sourceTree = "<group>"; };
		816AEB1F26A908CB00C06BBC /* Base */ = {isa = PBXFileReference; lastKnownFileType = file.storyboard; name = Base; path = Base.lproj/LaunchScreen.storyboard; sourceTree = "<group>"; };
		816AEB2126A908CB00C06BBC /* Info.plist */ = {isa = PBXFileReference; lastKnownFileType = text.plist.xml; path = Info.plist; sourceTree = "<group>"; };
		816AEB2826A925F700C06BBC /* Question.swift */ = {isa = PBXFileReference; lastKnownFileType = sourcecode.swift; path = Question.swift; sourceTree = "<group>"; };
/* End PBXFileReference section */

/* Begin PBXFrameworksBuildPhase section */
		816AEB0D26A908C800C06BBC /* Frameworks */ = {
			isa = PBXFrameworksBuildPhase;
			buildActionMask = 2147483647;
			files = (
			);
			runOnlyForDeploymentPostprocessing = 0;
		};
/* End PBXFrameworksBuildPhase section */

/* Begin PBXGroup section */
		816AEB0726A908C800C06BBC = {
			isa = PBXGroup;
			children = (
				816AEB1226A908C800C06BBC /* Quiz */,
				816AEB1126A908C800C06BBC /* Products */,
			);
			sourceTree = "<group>";
		};
		816AEB1126A908C800C06BBC /* Products */ = {
			isa = PBXGroup;
			children = (
				816AEB1026A908C800C06BBC /* Quiz.app */,
			);
			name = Products;
			sourceTree = "<group>";
		};
		816AEB1226A908C800C06BBC /* Quiz */ = {
			isa = PBXGroup;
			children = (
				816AEB2D26A9263700C06BBC /* Model */,
				816AEB2F26A9264500C06BBC /* View */,
				816AEB2B26A9262400C06BBC /* Controller */,
				816AEB3226A927A700C06BBC /* Resourses */,
				816AEB3026A926FA00C06BBC /* Supporting Files */,
			);
			path = Quiz;
			sourceTree = "<group>";
		};
		816AEB2B26A9262400C06BBC /* Controller */ = {
			isa = PBXGroup;
			children = (
				816AEB1726A908C800C06BBC /* ViewController.swift */,
			);
			path = Controller;
			sourceTree = "<group>";
		};
		816AEB2D26A9263700C06BBC /* Model */ = {
			isa = PBXGroup;
			children = (
				816AEB2826A925F700C06BBC /* Question.swift */,
			);
			path = Model;
			sourceTree = "<group>";
		};
		816AEB2F26A9264500C06BBC /* View */ = {
			isa = PBXGroup;
			children = (
				816AEB1926A908C800C06BBC /* Main.storyboard */,
				816AEB1E26A908CB00C06BBC /* LaunchScreen.storyboard */,
			);
			path = View;
			sourceTree = "<group>";
		};
		816AEB3026A926FA00C06BBC /* Supporting Files */ = {
			isa = PBXGroup;
			children = (
				816AEB1326A908C800C06BBC /* AppDelegate.swift */,
				816AEB1526A908C800C06BBC /* SceneDelegate.swift */,
				816AEB2126A908CB00C06BBC /* Info.plist */,
			);
			path = "Supporting Files";
			sourceTree = "<group>";
		};
		816AEB3226A927A700C06BBC /* Resourses */ = {
			isa = PBXGroup;
			children = (
				816AEB1C26A908CB00C06BBC /* Assets.xcassets */,
			);
			path = Resourses;
			sourceTree = "<group>";
		};
/* End PBXGroup section */

/* Begin PBXNativeTarget section */
		816AEB0F26A908C800C06BBC /* Quiz */ = {
			isa = PBXNativeTarget;
			buildConfigurationList = 816AEB2426A908CB00C06BBC /* Build configuration list for PBXNativeTarget "Quiz" */;
			buildPhases = (
				816AEB0C26A908C800C06BBC /* Sources */,
				816AEB0D26A908C800C06BBC /* Frameworks */,
				816AEB0E26A908C800C06BBC /* Resources */,
			);
			buildRules = (
			);
			dependencies = (
			);
			name = Quiz;
			productName = Quiz;
			productReference = 816AEB1026A908C800C06BBC /* Quiz.app */;
			productType = "com.apple.product-type.application";
		};
/* End PBXNativeTarget section */

/* Begin PBXProject section */
		816AEB0826A908C800C06BBC /* Project object */ = {
			isa = PBXProject;
			attributes = {
				LastSwiftUpdateCheck = 1230;
				LastUpgradeCheck = 1230;
				TargetAttributes = {
					816AEB0F26A908C800C06BBC = {
						CreatedOnToolsVersion = 12.3;
					};
				};
			};
			buildConfigurationList = 816AEB0B26A908C800C06BBC /* Build configuration list for PBXProject "Quiz" */;
			compatibilityVersion = "Xcode 9.3";
			developmentRegion = en;
			hasScannedForEncodings = 0;
			knownRegions = (
				en,
				Base,
			);
			mainGroup = 816AEB0726A908C800C06BBC;
			productRefGroup = 816AEB1126A908C800C06BBC /* Products */;
			projectDirPath = "";
			projectRoot = "";
			targets = (
				816AEB0F26A908C800C06BBC /* Quiz */,
			);
		};
/* End PBXProject section */

/* Begin PBXResourcesBuildPhase section */
		816AEB0E26A908C800C06BBC /* Resources */ = {
			isa = PBXResourcesBuildPhase;
			buildActionMask = 2147483647;
			files = (
				816AEB2026A908CB00C06BBC /* LaunchScreen.storyboard in Resources */,
				816AEB1D26A908CB00C06BBC /* Assets.xcassets in Resources */,
				816AEB1B26A908C800C06BBC /* Main.storyboard in Resources */,
			);
			runOnlyForDeploymentPostprocessing = 0;
		};
/* End PBXResourcesBuildPhase section */

/* Begin PBXSourcesBuildPhase section */
		816AEB0C26A908C800C06BBC /* Sources */ = {
			isa = PBXSourcesBuildPhase;
			buildActionMask = 2147483647;
			files = (
				816AEB1826A908C800C06BBC /* ViewController.swift in Sources */,
				816AEB2926A925F700C06BBC /* Question.swift in Sources */,
				816AEB1426A908C800C06BBC /* AppDelegate.swift in Sources */,
				816AEB1626A908C800C06BBC /* SceneDelegate.swift in Sources */,
			);
			runOnlyForDeploymentPostprocessing = 0;
		};
/* End PBXSourcesBuildPhase section */

/* Begin PBXVariantGroup section */
		816AEB1926A908C800C06BBC /* Main.storyboard */ = {
			isa = PBXVariantGroup;
			children = (
				816AEB1A26A908C800C06BBC /* Base */,
			);
			name = Main.storyboard;
			sourceTree = "<group>";
		};
		816AEB1E26A908CB00C06BBC /* LaunchScreen.storyboard */ = {
			isa = PBXVariantGroup;
			children = (
				816AEB1F26A908CB00C06BBC /* Base */,
			);
			name = LaunchScreen.storyboard;
			sourceTree = "<group>";
		};
/* End PBXVariantGroup section */

/* Begin XCBuildConfiguration section */
		816AEB2226A908CB00C06BBC /* Debug */ = {
			isa = XCBuildConfiguration;
			buildSettings = {
				ALWAYS_SEARCH_USER_PATHS = NO;
				CLANG_ANALYZER_NONNULL = YES;
				CLANG_ANALYZER_NUMBER_OBJECT_CONVERSION = YES_AGGRESSIVE;
				CLANG_CXX_LANGUAGE_STANDARD = "gnu++14";
				CLANG_CXX_LIBRARY = "libc++";
				CLANG_ENABLE_MODULES = YES;
				CLANG_ENABLE_OBJC_ARC = YES;
				CLANG_ENABLE_OBJC_WEAK = YES;
				CLANG_WARN_BLOCK_CAPTURE_AUTORELEASING = YES;
				CLANG_WARN_BOOL_CONVERSION = YES;
				CLANG_WARN_COMMA = YES;
				CLANG_WARN_CONSTANT_CONVERSION = YES;
				CLANG_WARN_DEPRECATED_OBJC_IMPLEMENTATIONS = YES;
				CLANG_WARN_DIRECT_OBJC_ISA_USAGE = YES_ERROR;
				CLANG_WARN_DOCUMENTATION_COMMENTS = YES;
				CLANG_WARN_EMPTY_BODY = YES;
				CLANG_WARN_ENUM_CONVERSION = YES;
				CLANG_WARN_INFINITE_RECURSION = YES;
				CLANG_WARN_INT_CONVERSION = YES;
				CLANG_WARN_NON_LITERAL_NULL_CONVERSION = YES;
				CLANG_WARN_OBJC_IMPLICIT_RETAIN_SELF = YES;
				CLANG_WARN_OBJC_LITERAL_CONVERSION = YES;
				CLANG_WARN_OBJC_ROOT_CLASS = YES_ERROR;
				CLANG_WARN_QUOTED_INCLUDE_IN_FRAMEWORK_HEADER = YES;
				CLANG_WARN_RANGE_LOOP_ANALYSIS = YES;
				CLANG_WARN_STRICT_PROTOTYPES = YES;
				CLANG_WARN_SUSPICIOUS_MOVE = YES;
				CLANG_WARN_UNGUARDED_AVAILABILITY = YES_AGGRESSIVE;
				CLANG_WARN_UNREACHABLE_CODE = YES;
				CLANG_WARN__DUPLICATE_METHOD_MATCH = YES;
				COPY_PHASE_STRIP = NO;
				DEBUG_INFORMATION_FORMAT = dwarf;
				ENABLE_STRICT_OBJC_MSGSEND = YES;
				ENABLE_TESTABILITY = YES;
				GCC_C_LANGUAGE_STANDARD = gnu11;
				GCC_DYNAMIC_NO_PIC = NO;
				GCC_NO_COMMON_BLOCKS = YES;
				GCC_OPTIMIZATION_LEVEL = 0;
				GCC_PREPROCESSOR_DEFINITIONS = (
					"DEBUG=1",
					"$(inherited)",
				);
				GCC_WARN_64_TO_32_BIT_CONVERSION = YES;
				GCC_WARN_ABOUT_RETURN_TYPE = YES_ERROR;
				GCC_WARN_UNDECLARED_SELECTOR = YES;
				GCC_WARN_UNINITIALIZED_AUTOS = YES_AGGRESSIVE;
				GCC_WARN_UNUSED_FUNCTION = YES;
				GCC_WARN_UNUSED_VARIABLE = YES;
				IPHONEOS_DEPLOYMENT_TARGET = 14.3;
				MTL_ENABLE_DEBUG_INFO = INCLUDE_SOURCE;
				MTL_FAST_MATH = YES;
				ONLY_ACTIVE_ARCH = YES;
				SDKROOT = iphoneos;
				SWIFT_ACTIVE_COMPILATION_CONDITIONS = DEBUG;
				SWIFT_OPTIMIZATION_LEVEL = "-Onone";
			};
			name = Debug;
		};
		816AEB2326A908CB00C06BBC /* Release */ = {
			isa = XCBuildConfiguration;
			buildSettings = {
				ALWAYS_SEARCH_USER_PATHS = NO;
				CLANG_ANALYZER_NONNULL = YES;
				CLANG_ANALYZER_NUMBER_OBJECT_CONVERSION = YES_AGGRESSIVE;
				CLANG_CXX_LANGUAGE_STANDARD = "gnu++14";
				CLANG_CXX_LIBRARY = "libc++";
				CLANG_ENABLE_MODULES = YES;
				CLANG_ENABLE_OBJC_ARC = YES;
				CLANG_ENABLE_OBJC_WEAK = YES;
				CLANG_WARN_BLOCK_CAPTURE_AUTORELEASING = YES;
				CLANG_WARN_BOOL_CONVERSION = YES;
				CLANG_WARN_COMMA = YES;
				CLANG_WARN_CONSTANT_CONVERSION = YES;
				CLANG_WARN_DEPRECATED_OBJC_IMPLEMENTATIONS = YES;
				CLANG_WARN_DIRECT_OBJC_ISA_USAGE = YES_ERROR;
				CLANG_WARN_DOCUMENTATION_COMMENTS = YES;
				CLANG_WARN_EMPTY_BODY = YES;
				CLANG_WARN_ENUM_CONVERSION = YES;
				CLANG_WARN_INFINITE_RECURSION = YES;
				CLANG_WARN_INT_CONVERSION = YES;
				CLANG_WARN_NON_LITERAL_NULL_CONVERSION = YES;
				CLANG_WARN_OBJC_IMPLICIT_RETAIN_SELF = YES;
				CLANG_WARN_OBJC_LITERAL_CONVERSION = YES;
				CLANG_WARN_OBJC_ROOT_CLASS = YES_ERROR;
				CLANG_WARN_QUOTED_INCLUDE_IN_FRAMEWORK_HEADER = YES;
				CLANG_WARN_RANGE_LOOP_ANALYSIS = YES;
				CLANG_WARN_STRICT_PROTOTYPES = YES;
				CLANG_WARN_SUSPICIOUS_MOVE = YES;
				CLANG_WARN_UNGUARDED_AVAILABILITY = YES_AGGRESSIVE;
				CLANG_WARN_UNREACHABLE_CODE = YES;
				CLANG_WARN__DUPLICATE_METHOD_MATCH = YES;
				COPY_PHASE_STRIP = NO;
				DEBUG_INFORMATION_FORMAT = "dwarf-with-dsym";
				ENABLE_NS_ASSERTIONS = NO;
				ENABLE_STRICT_OBJC_MSGSEND = YES;
				GCC_C_LANGUAGE_STANDARD = gnu11;
				GCC_NO_COMMON_BLOCKS = YES;
				GCC_WARN_64_TO_32_BIT_CONVERSION = YES;
				GCC_WARN_ABOUT_RETURN_TYPE = YES_ERROR;
				GCC_WARN_UNDECLARED_SELECTOR = YES;
				GCC_WARN_UNINITIALIZED_AUTOS = YES_AGGRESSIVE;
				GCC_WARN_UNUSED_FUNCTION = YES;
				GCC_WARN_UNUSED_VARIABLE = YES;
				IPHONEOS_DEPLOYMENT_TARGET = 14.3;
				MTL_ENABLE_DEBUG_INFO = NO;
				MTL_FAST_MATH = YES;
				SDKROOT = iphoneos;
				SWIFT_COMPILATION_MODE = wholemodule;
				SWIFT_OPTIMIZATION_LEVEL = "-O";
				VALIDATE_PRODUCT = YES;
			};
			name = Release;
		};
		816AEB2526A908CB00C06BBC /* Debug */ = {
			isa = XCBuildConfiguration;
			buildSettings = {
				ASSETCATALOG_COMPILER_APPICON_NAME = AppIcon;
				ASSETCATALOG_COMPILER_GLOBAL_ACCENT_COLOR_NAME = AccentColor;
				CODE_SIGN_STYLE = Automatic;
				DEVELOPMENT_TEAM = AF9A7LQP6J;
				INFOPLIST_FILE = Quiz/Info.plist;
				LD_RUNPATH_SEARCH_PATHS = (
					"$(inherited)",
					"@executable_path/Frameworks",
				);
				PRODUCT_BUNDLE_IDENTIFIER = com.frenzy.Quiz;
				PRODUCT_NAME = "$(TARGET_NAME)";
				SWIFT_VERSION = 5.0;
				TARGETED_DEVICE_FAMILY = "1,2";
			};
			name = Debug;
		};
		816AEB2626A908CB00C06BBC /* Release */ = {
			isa = XCBuildConfiguration;
			buildSettings = {
				ASSETCATALOG_COMPILER_APPICON_NAME = AppIcon;
				ASSETCATALOG_COMPILER_GLOBAL_ACCENT_COLOR_NAME = AccentColor;
				CODE_SIGN_STYLE = Automatic;
				DEVELOPMENT_TEAM = AF9A7LQP6J;
				INFOPLIST_FILE = Quiz/Info.plist;
				LD_RUNPATH_SEARCH_PATHS = (
					"$(inherited)",
					"@executable_path/Frameworks",
				);
				PRODUCT_BUNDLE_IDENTIFIER = com.frenzy.Quiz;
				PRODUCT_NAME = "$(TARGET_NAME)";
				SWIFT_VERSION = 5.0;
				TARGETED_DEVICE_FAMILY = "1,2";
			};
			name = Release;
		};
/* End XCBuildConfiguration section */

/* Begin XCConfigurationList section */
		816AEB0B26A908C800C06BBC /* Build configuration list for PBXProject "Quiz" */ = {
			isa = XCConfigurationList;
			buildConfigurations = (
				816AEB2226A908CB00C06BBC /* Debug */,
				816AEB2326A908CB00C06BBC /* Release */,
			);
			defaultConfigurationIsVisible = 0;
			defaultConfigurationName = Release;
		};
		816AEB2426A908CB00C06BBC /* Build configuration list for PBXNativeTarget "Quiz" */ = {
			isa = XCConfigurationList;
			buildConfigurations = (
				816AEB2526A908CB00C06BBC /* Debug */,
				816AEB2626A908CB00C06BBC /* Release */,
			);
			defaultConfigurationIsVisible = 0;
			defaultConfigurationName = Release;
		};
/* End XCConfigurationList section */
	};
	rootObject = 816AEB0826A908C800C06BBC /* Project object */;
}
